
Microsoft Visual Studio Solution File, Format Version 12.00
# Visual Studio Version 17
VisualStudioVersion = 17.0.31903.59
MinimumVisualStudioVersion = 10.0.40219.1
Project("{2150E333-8FDC-42A3-9474-1A3956D46DE8}") = "src", "src", "{11E439AF-3764-4EA3-8E4B-1C60B08A64B0}"
EndProject
Project("{2150E333-8FDC-42A3-9474-1A3956D46DE8}") = "test", "test", "{09F0D12C-D409-4A56-8F5E-B172EE433E7D}"
EndProject
Project("{2150E333-8FDC-42A3-9474-1A3956D46DE8}") = "Core", "Core", "{D393A033-DF16-4C68-8643-9BE284D9B1F8}"
EndProject
Project("{2150E333-8FDC-42A3-9474-1A3956D46DE8}") = "Infrastructure", "Infrastructure", "{A8DA3FC7-9943-4A66-BCCD-386F60197D20}"
EndProject
Project("{2150E333-8FDC-42A3-9474-1A3956D46DE8}") = "Presentation", "Presentation", "{07A34736-8CCB-48F2-AEAA-F91AA3145E46}"
EndProject
Project("{9A19103F-16F7-4668-BE54-9A1E7A4F7556}") = "Bank.Domain", "src\Core\Bank.Domain\Bank.Domain.csproj", "{65471AEE-B31B-4412-872E-1E49E51E2366}"
EndProject
Project("{9A19103F-16F7-4668-BE54-9A1E7A4F7556}") = "Bank.Api", "src\Presentation\Bank.Api\Bank.Api.csproj", "{FA379317-CE7A-47E4-BA83-357F8EA3442E}"
EndProject
Project("{9A19103F-16F7-4668-BE54-9A1E7A4F7556}") = "Bank.Persistence.SQLServer", "Infrastructure\Bank.Persistence.SQLServer\Bank.Persistence.SQLServer.csproj", "{0808300B-3523-40C5-9327-FFBF47F70986}"
EndProject
Project("{FAE04EC0-301F-11D3-BF4B-00C04F79EFBC}") = "Bank.Persistence.SQLServer.EventSourcing", "Infrastructure\Bank.Persistence.SQLServer.EventSourcing\Bank.Persistence.SQLServer.EventSourcing.csproj", "{1FDE6AF7-2558-4FB4-A14D-BE1A55C713D4}"
EndProject
Project("{2150E333-8FDC-42A3-9474-1A3956D46DE8}") = "BuildingBlocks", "BuildingBlocks", "{4CCDDD76-0DC2-4E38-BAE2-B88B38ADE840}"
EndProject
Project("{FAE04EC0-301F-11D3-BF4B-00C04F79EFBC}") = "BuildingBlocks", "BuildingBlocks\BuildingBlocks\BuildingBlocks.csproj", "{7837AED7-5473-443A-974C-A90F1CD20A48}"
EndProject
Project("{FAE04EC0-301F-11D3-BF4B-00C04F79EFBC}") = "Bank.Transport.RabbitMQ", "src\Infrastructure\Bank.Transport.RabbitMQ\Bank.Transport.RabbitMQ.csproj", "{48C21E88-84E6-4F02-A0C4-57E7859D7D98}"
EndProject
Global
	GlobalSection(SolutionConfigurationPlatforms) = preSolution
		Debug|Any CPU = Debug|Any CPU
		Release|Any CPU = Release|Any CPU
	EndGlobalSection
	GlobalSection(ProjectConfigurationPlatforms) = postSolution
		{65471AEE-B31B-4412-872E-1E49E51E2366}.Debug|Any CPU.ActiveCfg = Debug|Any CPU
		{65471AEE-B31B-4412-872E-1E49E51E2366}.Debug|Any CPU.Build.0 = Debug|Any CPU
		{65471AEE-B31B-4412-872E-1E49E51E2366}.Release|Any CPU.ActiveCfg = Release|Any CPU
		{65471AEE-B31B-4412-872E-1E49E51E2366}.Release|Any CPU.Build.0 = Release|Any CPU
		{FA379317-CE7A-47E4-BA83-357F8EA3442E}.Debug|Any CPU.ActiveCfg = Debug|Any CPU
		{FA379317-CE7A-47E4-BA83-357F8EA3442E}.Debug|Any CPU.Build.0 = Debug|Any CPU
		{FA379317-CE7A-47E4-BA83-357F8EA3442E}.Release|Any CPU.ActiveCfg = Release|Any CPU
		{FA379317-CE7A-47E4-BA83-357F8EA3442E}.Release|Any CPU.Build.0 = Release|Any CPU
		{0808300B-3523-40C5-9327-FFBF47F70986}.Debug|Any CPU.ActiveCfg = Debug|Any CPU
		{0808300B-3523-40C5-9327-FFBF47F70986}.Debug|Any CPU.Build.0 = Debug|Any CPU
		{0808300B-3523-40C5-9327-FFBF47F70986}.Release|Any CPU.ActiveCfg = Release|Any CPU
		{0808300B-3523-40C5-9327-FFBF47F70986}.Release|Any CPU.Build.0 = Release|Any CPU
		{1FDE6AF7-2558-4FB4-A14D-BE1A55C713D4}.Debug|Any CPU.ActiveCfg = Debug|Any CPU
		{1FDE6AF7-2558-4FB4-A14D-BE1A55C713D4}.Debug|Any CPU.Build.0 = Debug|Any CPU
		{1FDE6AF7-2558-4FB4-A14D-BE1A55C713D4}.Release|Any CPU.ActiveCfg = Release|Any CPU
		{1FDE6AF7-2558-4FB4-A14D-BE1A55C713D4}.Release|Any CPU.Build.0 = Release|Any CPU
		{7837AED7-5473-443A-974C-A90F1CD20A48}.Debug|Any CPU.ActiveCfg = Debug|Any CPU
		{7837AED7-5473-443A-974C-A90F1CD20A48}.Debug|Any CPU.Build.0 = Debug|Any CPU
		{7837AED7-5473-443A-974C-A90F1CD20A48}.Release|Any CPU.ActiveCfg = Release|Any CPU
		{7837AED7-5473-443A-974C-A90F1CD20A48}.Release|Any CPU.Build.0 = Release|Any CPU
		{48C21E88-84E6-4F02-A0C4-57E7859D7D98}.Debug|Any CPU.ActiveCfg = Debug|Any CPU
		{48C21E88-84E6-4F02-A0C4-57E7859D7D98}.Debug|Any CPU.Build.0 = Debug|Any CPU
		{48C21E88-84E6-4F02-A0C4-57E7859D7D98}.Release|Any CPU.ActiveCfg = Release|Any CPU
		{48C21E88-84E6-4F02-A0C4-57E7859D7D98}.Release|Any CPU.Build.0 = Release|Any CPU
	EndGlobalSection
	GlobalSection(SolutionProperties) = preSolution
		HideSolutionNode = FALSE
	EndGlobalSection
	GlobalSection(NestedProjects) = preSolution
		{D393A033-DF16-4C68-8643-9BE284D9B1F8} = {11E439AF-3764-4EA3-8E4B-1C60B08A64B0}
		{A8DA3FC7-9943-4A66-BCCD-386F60197D20} = {11E439AF-3764-4EA3-8E4B-1C60B08A64B0}
		{07A34736-8CCB-48F2-AEAA-F91AA3145E46} = {11E439AF-3764-4EA3-8E4B-1C60B08A64B0}
		{65471AEE-B31B-4412-872E-1E49E51E2366} = {D393A033-DF16-4C68-8643-9BE284D9B1F8}
		{FA379317-CE7A-47E4-BA83-357F8EA3442E} = {07A34736-8CCB-48F2-AEAA-F91AA3145E46}
		{0808300B-3523-40C5-9327-FFBF47F70986} = {A8DA3FC7-9943-4A66-BCCD-386F60197D20}
		{1FDE6AF7-2558-4FB4-A14D-BE1A55C713D4} = {A8DA3FC7-9943-4A66-BCCD-386F60197D20}
		{7837AED7-5473-443A-974C-A90F1CD20A48} = {4CCDDD76-0DC2-4E38-BAE2-B88B38ADE840}
		{48C21E88-84E6-4F02-A0C4-57E7859D7D98} = {A8DA3FC7-9943-4A66-BCCD-386F60197D20}
	EndGlobalSection
	GlobalSection(ExtensibilityGlobals) = postSolution
		SolutionGuid = {20F09E40-DDB1-48B9-9175-CEF81C42FD36}
	EndGlobalSection
EndGlobal
